<Solution>
  <Folder Name="/ui/">
    <Project Path="src/Blaizio.Base/Blaizio.Base.csproj" />
    <Project Path="src/Blaizio.Icons/Blaizio.Icons.csproj" />
    <Project Path="src/Blaizio.Ui/Blaizio.Ui.csproj" />
  </Folder>
  <Folder Name="/cli/">
    <Project Path="src/Blaizio.Cli.Core/Blaizio.Cli.Core.csproj" />
    <Project Path="src/Blaizio.Cli/Blaizio.Cli.csproj" />
  </Folder>
  <Folder Name="/docs/">
    <Project Path="docs/Blaizio.Docs/Blaizio.Docs.csproj" />
  </Folder>
  <Folder Name="/tests/">
    <Project Path="tests/Blaizio.Base.Benchmarks/Blaizio.Base.Benchmarks.csproj" />
    <Project Path="tests/Blaizio.Base.Tests/Blaizio.Base.Tests.csproj" />
    <Project Path="tests/Blaizio.Cli.Core.Tests/Blaizio.Cli.Core.Tests.csproj" />
    <Project Path="tests/Blaizio.Cli.Tests/Blaizio.Cli.Tests.csproj" />
  </Folder>
</Solution>
