<Solution>
  <Folder Name="/cli/">
    <Project Path="src/Blaizio.Cli.Contracts/Blaizio.Cli.Contracts.csproj" />
    <Project Path="src/Blaizio.Cli.Core/Blaizio.Cli.Core.csproj" />
    <Project Path="src/Blaizio.Cli/Blaizio.Cli.csproj" />
  </Folder>
  <Folder Name="/docs/">
    <Project Path="docs/Blaizio.Docs/Blaizio.Docs.csproj" />
  </Folder>
  <Folder Name="/src/">
    <Project Path="src/Blaizio.Base/Blaizio.Base.csproj" />
    <Project Path="src/Blaizio.Icons/Blaizio.Icons.csproj" />
    <Project Path="src/Blaizio.Icons.HugeIcons/Blaizio.Icons.HugeIcons.csproj" />
    <Project Path="src/Blaizio.Icons.Lucide/Blaizio.Icons.Lucide.csproj" />
    <Project Path="src/Blaizio.Icons.Phosphor/Blaizio.Icons.Phosphor.csproj" />
    <Project Path="src/Blaizio.Icons.Remix/Blaizio.Icons.Remix.csproj" />
    <Project Path="src/Blaizio.Icons.Tabler/Blaizio.Icons.Tabler.csproj" />
    <Project Path="src/Blaizio.Ui/Blaizio.Ui.csproj" />
  </Folder>
  <Folder Name="/tests/">
    <Project Path="tests/Blaizio.Base.Benchmarks/Blaizio.Base.Benchmarks.csproj" />
    <Project Path="tests/Blaizio.Base.Tests/Blaizio.Base.Tests.csproj" />
    <Project Path="tests/Blaizio.Cli.Core.Tests/Blaizio.Cli.Core.Tests.csproj" />
    <Project Path="tests/Blaizio.Cli.Tests/Blaizio.Cli.Tests.csproj" />
    <Project Path="tests/Blaizio.Docs.E2E/Blaizio.Docs.E2E.csproj" />
  </Folder>
</Solution>
