<Solution>
  <Folder Name="/src/">
    <Project Path="src/Blazeo.Base/Blazeo.Base.csproj" />
    <Project Path="src/Blazeo.Icons/Blazeo.Icons.csproj" />
    <Project Path="src/Blazeo.Ui/Blazeo.Ui.csproj" />
  </Folder>
  <Folder Name="/docs/">
    <Project Path="docs/Blazeo.Docs/Blazeo.Docs.csproj" />
  </Folder>
  <Folder Name="/tests/">
    <Project Path="tests/Blazeo.Base.Tests/Blazeo.Base.Tests.csproj" />
  </Folder>
</Solution>
